// !$*UTF8*$!
{
	archiveVersion = 1;
	classes = {
	};
	objectVersion = 46;
	objects = {

/* Begin PBXBuildFile section */
		88EF4EF61BD80ACA00FD6A0D /* AppDelegate.swift in Sources */ = {isa = PBXBuildFile; fileRef = 88EF4EF51BD80ACA00FD6A0D /* AppDelegate.swift */; };
		88EF4EFB1BD80ACA00FD6A0D /* Main.storyboard in Resources */ = {isa = PBXBuildFile; fileRef = 88EF4EF91BD80ACA00FD6A0D /* Main.storyboard */; };
		88EF4F001BD80ACA00FD6A0D /* LaunchScreen.storyboard in Resources */ = {isa = PBXBuildFile; fileRef = 88EF4EFE1BD80ACA00FD6A0D /* LaunchScreen.storyboard */; };
		88EF4F0C1BD814B800FD6A0D /* Name.swift in Sources */ = {isa = PBXBuildFile; fileRef = 88EF4F0B1BD814B800FD6A0D /* Name.swift */; settings = {ASSET_TAGS = (); }; };
		88EF4F101BD8161000FD6A0D /* NamesTableViewController.swift in Sources */ = {isa = PBXBuildFile; fileRef = 88EF4F0F1BD8161000FD6A0D /* NamesTableViewController.swift */; settings = {ASSET_TAGS = (); }; };
		88EF4F121BD8166A00FD6A0D /* DisplayViewController.swift in Sources */ = {isa = PBXBuildFile; fileRef = 88EF4F111BD8166A00FD6A0D /* DisplayViewController.swift */; settings = {ASSET_TAGS = (); }; };
/* End PBXBuildFile section */

/* Begin PBXFileReference section */
		88EF4EF21BD80ACA00FD6A0D /* xApp.app */ = {isa = PBXFileReference; explicitFileType = wrapper.application; includeInIndex = 0; path = xApp.app; sourceTree = BUILT_PRODUCTS_DIR; };
		88EF4EF51BD80ACA00FD6A0D /* AppDelegate.swift */ = {isa = PBXFileReference; lastKnownFileType = sourcecode.swift; path = AppDelegate.swift; sourceTree = "<group>"; };
		88EF4EFA1BD80ACA00FD6A0D /* Base */ = {isa = PBXFileReference; lastKnownFileType = file.storyboard; name = Base; path = Base.lproj/Main.storyboard; sourceTree = "<group>"; };
		88EF4EFF1BD80ACA00FD6A0D /* Base */ = {isa = PBXFileReference; lastKnownFileType = file.storyboard; name = Base; path = Base.lproj/LaunchScreen.storyboard; sourceTree = "<group>"; };
		88EF4F011BD80ACA00FD6A0D /* Info.plist */ = {isa = PBXFileReference; lastKnownFileType = text.plist.xml; path = Info.plist; sourceTree = "<group>"; };
		88EF4F0B1BD814B800FD6A0D /* Name.swift */ = {isa = PBXFileReference; fileEncoding = 4; lastKnownFileType = sourcecode.swift; path = Name.swift; sourceTree = "<group>"; };
		88EF4F0F1BD8161000FD6A0D /* NamesTableViewController.swift */ = {isa = PBXFileReference; fileEncoding = 4; lastKnownFileType = sourcecode.swift; path = NamesTableViewController.swift; sourceTree = "<group>"; };
		88EF4F111BD8166A00FD6A0D /* DisplayViewController.swift */ = {isa = PBXFileReference; fileEncoding = 4; lastKnownFileType = sourcecode.swift; path = DisplayViewController.swift; sourceTree = "<group>"; };
/* End PBXFileReference section */

/* Begin PBXFrameworksBuildPhase section */
		88EF4EEF1BD80ACA00FD6A0D /* Frameworks */ = {
			isa = PBXFrameworksBuildPhase;
			buildActionMask = 2147483647;
			files = (
			);
			runOnlyForDeploymentPostprocessing = 0;
		};
/* End PBXFrameworksBuildPhase section */

/* Begin PBXGroup section */
		88EF4EE91BD80ACA00FD6A0D = {
			isa = PBXGroup;
			children = (
				88EF4F0B1BD814B800FD6A0D /* Name.swift */,
				88EF4EF41BD80ACA00FD6A0D /* xApp */,
				88EF4EF31BD80ACA00FD6A0D /* Products */,
			);
			sourceTree = "<group>";
		};
		88EF4EF31BD80ACA00FD6A0D /* Products */ = {
			isa = PBXGroup;
			children = (
				88EF4EF21BD80ACA00FD6A0D /* xApp.app */,
			);
			name = Products;
			sourceTree = "<group>";
		};
		88EF4EF41BD80ACA00FD6A0D /* xApp */ = {
			isa = PBXGroup;
			children = (
				88EF4EF51BD80ACA00FD6A0D /* AppDelegate.swift */,
				88EF4EF91BD80ACA00FD6A0D /* Main.storyboard */,
				88EF4EFE1BD80ACA00FD6A0D /* LaunchScreen.storyboard */,
				88EF4F011BD80ACA00FD6A0D /* Info.plist */,
				88EF4F0F1BD8161000FD6A0D /* NamesTableViewController.swift */,
				88EF4F111BD8166A00FD6A0D /* DisplayViewController.swift */,
			);
			path = xApp;
			sourceTree = "<group>";
		};
/* End PBXGroup section */

/* Begin PBXNativeTarget section */
		88EF4EF11BD80ACA00FD6A0D /* xApp */ = {
			isa = PBXNativeTarget;
			buildConfigurationList = 88EF4F041BD80ACA00FD6A0D /* Build configuration list for PBXNativeTarget "xApp" */;
			buildPhases = (
				88EF4EEE1BD80ACA00FD6A0D /* Sources */,
				88EF4EEF1BD80ACA00FD6A0D /* Frameworks */,
				88EF4EF01BD80ACA00FD6A0D /* Resources */,
			);
			buildRules = (
			);
			dependencies = (
			);
			name = xApp;
			productName = xApp;
			productReference = 88EF4EF21BD80ACA00FD6A0D /* xApp.app */;
			productType = "com.apple.product-type.application";
		};
/* End PBXNativeTarget section */

/* Begin PBXProject section */
		88EF4EEA1BD80ACA00FD6A0D /* Project object */ = {
			isa = PBXProject;
			attributes = {
				LastUpgradeCheck = 0700;
				ORGANIZATIONNAME = "Achin Kulshrestha";
				TargetAttributes = {
					88EF4EF11BD80ACA00FD6A0D = {
						CreatedOnToolsVersion = 7.0;
					};
				};
			};
			buildConfigurationList = 88EF4EED1BD80ACA00FD6A0D /* Build configuration list for PBXProject "xApp" */;
			compatibilityVersion = "Xcode 3.2";
			developmentRegion = English;
			hasScannedForEncodings = 0;
			knownRegions = (
				en,
				Base,
			);
			mainGroup = 88EF4EE91BD80ACA00FD6A0D;
			productRefGroup = 88EF4EF31BD80ACA00FD6A0D /* Products */;
			projectDirPath = "";
			projectRoot = "";
			targets = (
				88EF4EF11BD80ACA00FD6A0D /* xApp */,
			);
		};
/* End PBXProject section */

/* Begin PBXResourcesBuildPhase section */
		88EF4EF01BD80ACA00FD6A0D /* Resources */ = {
			isa = PBXResourcesBuildPhase;
			buildActionMask = 2147483647;
			files = (
				88EF4F001BD80ACA00FD6A0D /* LaunchScreen.storyboard in Resources */,
				88EF4EFB1BD80ACA00FD6A0D /* Main.storyboard in Resources */,
			);
			runOnlyForDeploymentPostprocessing = 0;
		};
/* End PBXResourcesBuildPhase section */

/* Begin PBXSourcesBuildPhase section */
		88EF4EEE1BD80ACA00FD6A0D /* Sources */ = {
			isa = PBXSourcesBuildPhase;
			buildActionMask = 2147483647;
			files = (
				88EF4F121BD8166A00FD6A0D /* DisplayViewController.swift in Sources */,
				88EF4F101BD8161000FD6A0D /* NamesTableViewController.swift in Sources */,
				88EF4F0C1BD814B800FD6A0D /* Name.swift in Sources */,
				88EF4EF61BD80ACA00FD6A0D /* AppDelegate.swift in Sources */,
			);
			runOnlyForDeploymentPostprocessing = 0;
		};
/* End PBXSourcesBuildPhase section */

/* Begin PBXVariantGroup section */
		88EF4EF91BD80ACA00FD6A0D /* Main.storyboard */ = {
			isa = PBXVariantGroup;
			children = (
				88EF4EFA1BD80ACA00FD6A0D /* Base */,
			);
			name = Main.storyboard;
			sourceTree = "<group>";
		};
		88EF4EFE1BD80ACA00FD6A0D /* LaunchScreen.storyboard */ = {
			isa = PBXVariantGroup;
			children = (
				88EF4EFF1BD80ACA00FD6A0D /* Base */,
			);
			name = LaunchScreen.storyboard;
			sourceTree = "<group>";
		};
/* End PBXVariantGroup section */

/* Begin XCBuildConfiguration section */
		88EF4F021BD80ACA00FD6A0D /* Debug */ = {
			isa = XCBuildConfiguration;
			buildSettings = {
				ALWAYS_SEARCH_USER_PATHS = NO;
				CLANG_CXX_LANGUAGE_STANDARD = "gnu++0x";
				CLANG_CXX_LIBRARY = "libc++";
				CLANG_ENABLE_MODULES = YES;
				CLANG_ENABLE_OBJC_ARC = YES;
				CLANG_WARN_BOOL_CONVERSION = YES;
				CLANG_WARN_CONSTANT_CONVERSION = YES;
				CLANG_WARN_DIRECT_OBJC_ISA_USAGE = YES_ERROR;
				CLANG_WARN_EMPTY_BODY = YES;
				CLANG_WARN_ENUM_CONVERSION = YES;
				CLANG_WARN_INT_CONVERSION = YES;
				CLANG_WARN_OBJC_ROOT_CLASS = YES_ERROR;
				CLANG_WARN_UNREACHABLE_CODE = YES;
				CLANG_WARN__DUPLICATE_METHOD_MATCH = YES;
				"CODE_SIGN_IDENTITY[sdk=iphoneos*]" = "iPhone Developer";
				COPY_PHASE_STRIP = NO;
				DEBUG_INFORMATION_FORMAT = dwarf;
				ENABLE_STRICT_OBJC_MSGSEND = YES;
				ENABLE_TESTABILITY = YES;
				GCC_C_LANGUAGE_STANDARD = gnu99;
				GCC_DYNAMIC_NO_PIC = NO;
				GCC_NO_COMMON_BLOCKS = YES;
				GCC_OPTIMIZATION_LEVEL = 0;
				GCC_PREPROCESSOR_DEFINITIONS = (
					"DEBUG=1",
					"$(inherited)",
				);
				GCC_WARN_64_TO_32_BIT_CONVERSION = YES;
				GCC_WARN_ABOUT_RETURN_TYPE = YES_ERROR;
				GCC_WARN_UNDECLARED_SELECTOR = YES;
				GCC_WARN_UNINITIALIZED_AUTOS = YES_AGGRESSIVE;
				GCC_WARN_UNUSED_FUNCTION = YES;
				GCC_WARN_UNUSED_VARIABLE = YES;
				IPHONEOS_DEPLOYMENT_TARGET = 9.0;
				MTL_ENABLE_DEBUG_INFO = YES;
				ONLY_ACTIVE_ARCH = YES;
				SDKROOT = iphoneos;
				SWIFT_OPTIMIZATION_LEVEL = "-Onone";
			};
			name = Debug;
		};
		88EF4F031BD80ACA00FD6A0D /* Release */ = {
			isa = XCBuildConfiguration;
			buildSettings = {
				ALWAYS_SEARCH_USER_PATHS = NO;
				CLANG_CXX_LANGUAGE_STANDARD = "gnu++0x";
				CLANG_CXX_LIBRARY = "libc++";
				CLANG_ENABLE_MODULES = YES;
				CLANG_ENABLE_OBJC_ARC = YES;
				CLANG_WARN_BOOL_CONVERSION = YES;
				CLANG_WARN_CONSTANT_CONVERSION = YES;
				CLANG_WARN_DIRECT_OBJC_ISA_USAGE = YES_ERROR;
				CLANG_WARN_EMPTY_BODY = YES;
				CLANG_WARN_ENUM_CONVERSION = YES;
				CLANG_WARN_INT_CONVERSION = YES;
				CLANG_WARN_OBJC_ROOT_CLASS = YES_ERROR;
				CLANG_WARN_UNREACHABLE_CODE = YES;
				CLANG_WARN__DUPLICATE_METHOD_MATCH = YES;
				"CODE_SIGN_IDENTITY[sdk=iphoneos*]" = "iPhone Developer";
				COPY_PHASE_STRIP = NO;
				DEBUG_INFORMATION_FORMAT = "dwarf-with-dsym";
				ENABLE_NS_ASSERTIONS = NO;
				ENABLE_STRICT_OBJC_MSGSEND = YES;
				GCC_C_LANGUAGE_STANDARD = gnu99;
				GCC_NO_COMMON_BLOCKS = YES;
				GCC_WARN_64_TO_32_BIT_CONVERSION = YES;
				GCC_WARN_ABOUT_RETURN_TYPE = YES_ERROR;
				GCC_WARN_UNDECLARED_SELECTOR = YES;
				GCC_WARN_UNINITIALIZED_AUTOS = YES_AGGRESSIVE;
				GCC_WARN_UNUSED_FUNCTION = YES;
				GCC_WARN_UNUSED_VARIABLE = YES;
				IPHONEOS_DEPLOYMENT_TARGET = 9.0;
				MTL_ENABLE_DEBUG_INFO = NO;
				SDKROOT = iphoneos;
				VALIDATE_PRODUCT = YES;
			};
			name = Release;
		};
		88EF4F051BD80ACA00FD6A0D /* Debug */ = {
			isa = XCBuildConfiguration;
			buildSettings = {
				ASSETCATALOG_COMPILER_APPICON_NAME = AppIcon;
				INFOPLIST_FILE = xApp/Info.plist;
				LD_RUNPATH_SEARCH_PATHS = "$(inherited) @executable_path/Frameworks";
				PRODUCT_BUNDLE_IDENTIFIER = com.achin.xApp;
				PRODUCT_NAME = "$(TARGET_NAME)";
			};
			name = Debug;
		};
		88EF4F061BD80ACA00FD6A0D /* Release */ = {
			isa = XCBuildConfiguration;
			buildSettings = {
				ASSETCATALOG_COMPILER_APPICON_NAME = AppIcon;
				INFOPLIST_FILE = xApp/Info.plist;
				LD_RUNPATH_SEARCH_PATHS = "$(inherited) @executable_path/Frameworks";
				PRODUCT_BUNDLE_IDENTIFIER = com.achin.xApp;
				PRODUCT_NAME = "$(TARGET_NAME)";
			};
			name = Release;
		};
/* End XCBuildConfiguration section */

/* Begin XCConfigurationList section */
		88EF4EED1BD80ACA00FD6A0D /* Build configuration list for PBXProject "xApp" */ = {
			isa = XCConfigurationList;
			buildConfigurations = (
				88EF4F021BD80ACA00FD6A0D /* Debug */,
				88EF4F031BD80ACA00FD6A0D /* Release */,
			);
			defaultConfigurationIsVisible = 0;
			defaultConfigurationName = Release;
		};
		88EF4F041BD80ACA00FD6A0D /* Build configuration list for PBXNativeTarget "xApp" */ = {
			isa = XCConfigurationList;
			buildConfigurations = (
				88EF4F051BD80ACA00FD6A0D /* Debug */,
				88EF4F061BD80ACA00FD6A0D /* Release */,
			);
			defaultConfigurationIsVisible = 0;
		};
/* End XCConfigurationList section */
	};
	rootObject = 88EF4EEA1BD80ACA00FD6A0D /* Project object */;
}
